
Microsoft Visual Studio Solution File, Format Version 12.00
# Visual Studio Version 17
VisualStudioVersion = 17.6.33815.320
MinimumVisualStudioVersion = 10.0.40219.1
Project("{FAE04EC0-301F-11D3-BF4B-00C04F79EFBC}") = "HashAndTree", "HashAndTree.csproj", "{21F8A606-28F9-4479-B29D-0ABDEB9D04BC}"
EndProject
Global
	GlobalSection(SolutionConfigurationPlatforms) = preSolution
		Debug|Any CPU = Debug|Any CPU
		Release|Any CPU = Release|Any CPU
	EndGlobalSection
	GlobalSection(ProjectConfigurationPlatforms) = postSolution
		{21F8A606-28F9-4479-B29D-0ABDEB9D04BC}.Debug|Any CPU.ActiveCfg = Debug|Any CPU
		{21F8A606-28F9-4479-B29D-0ABDEB9D04BC}.Debug|Any CPU.Build.0 = Debug|Any CPU
		{21F8A606-28F9-4479-B29D-0ABDEB9D04BC}.Release|Any CPU.ActiveCfg = Release|Any CPU
		{21F8A606-28F9-4479-B29D-0ABDEB9D04BC}.Release|Any CPU.Build.0 = Release|Any CPU
	EndGlobalSection
	GlobalSection(SolutionProperties) = preSolution
		HideSolutionNode = FALSE
	EndGlobalSection
	GlobalSection(ExtensibilityGlobals) = postSolution
		SolutionGuid = {04A4C330-8804-4CA0-ACB3-3BF3B71FEA06}
	EndGlobalSection
EndGlobal
